{
  "version": 4,
  "terraform_version": "1.4.4",
  "serial": 28,
  "lineage": "cff6f5f5-2766-cf7b-5092-e855891f8e58",
  "outputs": {},
  "resources": [
    {
      "mode": "managed",
      "type": "linode_instance",
      "name": "hacklab",
      "provider": "provider[\"registry.terraform.io/linode/linode\"]",
      "instances": [
        {
          "schema_version": 0,
          "attributes": {
            "alerts": [
              {
                "cpu": 180,
                "io": 10000,
                "network_in": 10,
                "network_out": 10,
                "transfer_quota": 80
              }
            ],
            "authorized_keys": null,
            "authorized_users": null,
            "backup_id": 246972250,
            "backups": [
              {
                "enabled": false,
                "schedule": [
                  {
                    "day": "",
                    "window": ""
                  }
                ]
              }
            ],
            "backups_enabled": false,
            "boot_config_label": "Restore 316272 - My kaliappstaging-us-central - Kali Linu",
            "booted": false,
            "config": [
              {
                "comments": "",
                "devices": [
                  {
                    "sda": [
                      {
                        "disk_id": 89696958,
                        "disk_label": "Restore 316272 - kaliappstaging-us-central - Kali ",
                        "volume_id": 0
                      }
                    ],
                    "sdb": [
                      {
                        "disk_id": 89696959,
                        "disk_label": "Restore 316272 - 512 MB Swap Image",
                        "volume_id": 0
                      }
                    ],
                    "sdc": [],
                    "sdd": [],
                    "sde": [],
                    "sdf": [],
                    "sdg": [],
                    "sdh": []
                  }
                ],
                "helpers": [
                  {
                    "devtmpfs_automount": true,
                    "distro": true,
                    "modules_dep": true,
                    "network": true,
                    "updatedb_disabled": true
                  }
                ],
                "interface": [],
                "kernel": "linode/latest-64bit",
                "label": "Restore 316272 - My kaliappstaging-us-central - Kali Linu",
                "memory_limit": 0,
                "root_device": "/dev/sda",
                "run_level": "default",
                "virt_mode": "paravirt"
              }
            ],
            "disk": [
              {
                "authorized_keys": [],
                "authorized_users": [],
                "filesystem": "ext4",
                "id": 89696958,
                "image": "",
                "label": "Restore 316272 - kaliappstaging-us-central - Kali ",
                "read_only": false,
                "root_pass": "",
                "size": 25088,
                "stackscript_data": {},
                "stackscript_id": 0
              },
              {
                "authorized_keys": [],
                "authorized_users": [],
                "filesystem": "swap",
                "id": 89696959,
                "image": "",
                "label": "Restore 316272 - 512 MB Swap Image",
                "read_only": false,
                "root_pass": "",
                "size": 512,
                "stackscript_data": {},
                "stackscript_id": 0
              }
            ],
            "group": "Terraform",
            "id": "44939242",
            "image": null,
            "interface": [],
            "ip_address": "45.33.24.84",
            "ipv4": [
              "45.33.24.84"
            ],
            "ipv6": "2600:3c00::f03c:93ff:fef3:0cf7/128",
            "label": "hacklab-998",
            "private_ip": false,
            "private_ip_address": null,
            "region": "us-central",
            "resize_disk": true,
            "root_pass": null,
            "specs": [
              {
                "disk": 81920,
                "memory": 4096,
                "transfer": 4000,
                "vcpus": 2
              }
            ],
            "stackscript_data": null,
            "stackscript_id": null,
            "status": "offline",
            "swap_size": 512,
            "tags": null,
            "timeouts": null,
            "type": "g6-standard-2",
            "watchdog_enabled": true
          },
          "sensitive_attributes": [],
          "private": "eyJlMmJmYjczMC1lY2FhLTExZTYtOGY4OC0zNDM2M2JjN2M0YzAiOnsiY3JlYXRlIjo2MDAwMDAwMDAwMDAsImRlbGV0ZSI6NjAwMDAwMDAwMDAwLCJ1cGRhdGUiOjEyMDAwMDAwMDAwMDB9fQ==",
          "dependencies": [
            "random_integer.label_suffix"
          ]
        }
      ]
    },
    {
      "mode": "managed",
      "type": "random_integer",
      "name": "label_suffix",
      "provider": "provider[\"registry.terraform.io/hashicorp/random\"]",
      "instances": [
        {
          "schema_version": 0,
          "attributes": {
            "id": "998",
            "keepers": null,
            "max": 999,
            "min": 100,
            "result": 998,
            "seed": null
          },
          "sensitive_attributes": []
        }
      ]
    }
  ],
  "check_results": null
}
